
Microsoft Visual Studio Solution File, Format Version 12.00
# Visual Studio Version 16
VisualStudioVersion = 16.0.29020.237
MinimumVisualStudioVersion = 10.0.40219.1
Project("{FAE04EC0-301F-11D3-BF4B-00C04F79EFBC}") = "PersonalWebAPI", "PersonalWebAPI.csproj", "{404CC2A5-F306-43DC-8EE4-9B6F17D28BFF}"
EndProject
Global
	GlobalSection(SolutionConfigurationPlatforms) = preSolution
		Debug|Any CPU = Debug|Any CPU
		Release|Any CPU = Release|Any CPU
	EndGlobalSection
	GlobalSection(ProjectConfigurationPlatforms) = postSolution
		{404CC2A5-F306-43DC-8EE4-9B6F17D28BFF}.Debug|Any CPU.ActiveCfg = Debug|Any CPU
		{404CC2A5-F306-43DC-8EE4-9B6F17D28BFF}.Debug|Any CPU.Build.0 = Debug|Any CPU
		{404CC2A5-F306-43DC-8EE4-9B6F17D28BFF}.Release|Any CPU.ActiveCfg = Release|Any CPU
		{404CC2A5-F306-43DC-8EE4-9B6F17D28BFF}.Release|Any CPU.Build.0 = Release|Any CPU
	EndGlobalSection
	GlobalSection(SolutionProperties) = preSolution
		HideSolutionNode = FALSE
	EndGlobalSection
	GlobalSection(ExtensibilityGlobals) = postSolution
		SolutionGuid = {39C97CC1-CE5A-402F-847B-41DC15883617}
	EndGlobalSection
EndGlobal
