
Microsoft Visual Studio Solution File, Format Version 12.00
# Visual Studio Version 16
VisualStudioVersion = 16.0.29020.237
MinimumVisualStudioVersion = 10.0.40219.1
Project("{FAE04EC0-301F-11D3-BF4B-00C04F79EFBC}") = "CadastroAluno", "CadastroAluno.csproj", "{2C18E762-E122-4F12-AA1D-F565DF25644F}"
EndProject
Global
	GlobalSection(SolutionConfigurationPlatforms) = preSolution
		Debug|Any CPU = Debug|Any CPU
		Release|Any CPU = Release|Any CPU
	EndGlobalSection
	GlobalSection(ProjectConfigurationPlatforms) = postSolution
		{2C18E762-E122-4F12-AA1D-F565DF25644F}.Debug|Any CPU.ActiveCfg = Debug|Any CPU
		{2C18E762-E122-4F12-AA1D-F565DF25644F}.Debug|Any CPU.Build.0 = Debug|Any CPU
		{2C18E762-E122-4F12-AA1D-F565DF25644F}.Release|Any CPU.ActiveCfg = Release|Any CPU
		{2C18E762-E122-4F12-AA1D-F565DF25644F}.Release|Any CPU.Build.0 = Release|Any CPU
	EndGlobalSection
	GlobalSection(SolutionProperties) = preSolution
		HideSolutionNode = FALSE
	EndGlobalSection
	GlobalSection(ExtensibilityGlobals) = postSolution
		SolutionGuid = {E48925D1-2D73-47E8-88B4-0EB2016A2DE2}
	EndGlobalSection
EndGlobal
