
Microsoft Visual Studio Solution File, Format Version 12.00
# Visual Studio Version 16
VisualStudioVersion = 16.0.29020.237
MinimumVisualStudioVersion = 10.0.40219.1
Project("{FAE04EC0-301F-11D3-BF4B-00C04F79EFBC}") = "ExercícioSexta3", "ExercícioSexta3.csproj", "{2D61D435-00E3-45F4-817D-2BCE7926272C}"
EndProject
Global
	GlobalSection(SolutionConfigurationPlatforms) = preSolution
		Debug|Any CPU = Debug|Any CPU
		Release|Any CPU = Release|Any CPU
	EndGlobalSection
	GlobalSection(ProjectConfigurationPlatforms) = postSolution
		{2D61D435-00E3-45F4-817D-2BCE7926272C}.Debug|Any CPU.ActiveCfg = Debug|Any CPU
		{2D61D435-00E3-45F4-817D-2BCE7926272C}.Debug|Any CPU.Build.0 = Debug|Any CPU
		{2D61D435-00E3-45F4-817D-2BCE7926272C}.Release|Any CPU.ActiveCfg = Release|Any CPU
		{2D61D435-00E3-45F4-817D-2BCE7926272C}.Release|Any CPU.Build.0 = Release|Any CPU
	EndGlobalSection
	GlobalSection(SolutionProperties) = preSolution
		HideSolutionNode = FALSE
	EndGlobalSection
	GlobalSection(ExtensibilityGlobals) = postSolution
		SolutionGuid = {0F3C540D-1BAF-49B4-A21E-31504F3CBE69}
	EndGlobalSection
EndGlobal
