
Microsoft Visual Studio Solution File, Format Version 12.00
# Visual Studio Version 16
VisualStudioVersion = 16.0.29020.237
MinimumVisualStudioVersion = 10.0.40219.1
Project("{FAE04EC0-301F-11D3-BF4B-00C04F79EFBC}") = "MinhaPrimeiraBibliotecaExterna", "MinhaPrimeiraBibliotecaExterna.csproj", "{19854F70-AB49-440C-BC03-78F214851331}"
EndProject
Global
	GlobalSection(SolutionConfigurationPlatforms) = preSolution
		Debug|Any CPU = Debug|Any CPU
		Release|Any CPU = Release|Any CPU
	EndGlobalSection
	GlobalSection(ProjectConfigurationPlatforms) = postSolution
		{19854F70-AB49-440C-BC03-78F214851331}.Debug|Any CPU.ActiveCfg = Debug|Any CPU
		{19854F70-AB49-440C-BC03-78F214851331}.Debug|Any CPU.Build.0 = Debug|Any CPU
		{19854F70-AB49-440C-BC03-78F214851331}.Release|Any CPU.ActiveCfg = Release|Any CPU
		{19854F70-AB49-440C-BC03-78F214851331}.Release|Any CPU.Build.0 = Release|Any CPU
	EndGlobalSection
	GlobalSection(SolutionProperties) = preSolution
		HideSolutionNode = FALSE
	EndGlobalSection
	GlobalSection(ExtensibilityGlobals) = postSolution
		SolutionGuid = {2368F907-568D-4B00-9100-1C1318D48394}
	EndGlobalSection
EndGlobal
