
Microsoft Visual Studio Solution File, Format Version 12.00
# Visual Studio Version 16
VisualStudioVersion = 16.0.29020.237
MinimumVisualStudioVersion = 10.0.40219.1
Project("{FAE04EC0-301F-11D3-BF4B-00C04F79EFBC}") = "ListaBiEasy", "ListaBiEasy.csproj", "{DAAA44C0-AE6C-4781-831C-B95FF6C8CF07}"
EndProject
Global
	GlobalSection(SolutionConfigurationPlatforms) = preSolution
		Debug|Any CPU = Debug|Any CPU
		Release|Any CPU = Release|Any CPU
	EndGlobalSection
	GlobalSection(ProjectConfigurationPlatforms) = postSolution
		{DAAA44C0-AE6C-4781-831C-B95FF6C8CF07}.Debug|Any CPU.ActiveCfg = Debug|Any CPU
		{DAAA44C0-AE6C-4781-831C-B95FF6C8CF07}.Debug|Any CPU.Build.0 = Debug|Any CPU
		{DAAA44C0-AE6C-4781-831C-B95FF6C8CF07}.Release|Any CPU.ActiveCfg = Release|Any CPU
		{DAAA44C0-AE6C-4781-831C-B95FF6C8CF07}.Release|Any CPU.Build.0 = Release|Any CPU
	EndGlobalSection
	GlobalSection(SolutionProperties) = preSolution
		HideSolutionNode = FALSE
	EndGlobalSection
	GlobalSection(ExtensibilityGlobals) = postSolution
		SolutionGuid = {8EBF00BC-8F22-4FDE-999B-8D68EC0A9016}
	EndGlobalSection
EndGlobal
