
Microsoft Visual Studio Solution File, Format Version 12.00
# Visual Studio Version 16
VisualStudioVersion = 16.0.29020.237
MinimumVisualStudioVersion = 10.0.40219.1
Project("{FAE04EC0-301F-11D3-BF4B-00C04F79EFBC}") = "CadastroDeLanches", "CadastroDeLanches.csproj", "{C4A3D49E-10CA-48E4-84DC-2814E709D400}"
EndProject
Global
	GlobalSection(SolutionConfigurationPlatforms) = preSolution
		Debug|Any CPU = Debug|Any CPU
		Release|Any CPU = Release|Any CPU
	EndGlobalSection
	GlobalSection(ProjectConfigurationPlatforms) = postSolution
		{C4A3D49E-10CA-48E4-84DC-2814E709D400}.Debug|Any CPU.ActiveCfg = Debug|Any CPU
		{C4A3D49E-10CA-48E4-84DC-2814E709D400}.Debug|Any CPU.Build.0 = Debug|Any CPU
		{C4A3D49E-10CA-48E4-84DC-2814E709D400}.Release|Any CPU.ActiveCfg = Release|Any CPU
		{C4A3D49E-10CA-48E4-84DC-2814E709D400}.Release|Any CPU.Build.0 = Release|Any CPU
	EndGlobalSection
	GlobalSection(SolutionProperties) = preSolution
		HideSolutionNode = FALSE
	EndGlobalSection
	GlobalSection(ExtensibilityGlobals) = postSolution
		SolutionGuid = {3DF8219F-8CBD-476E-83E1-45B39DF9D190}
	EndGlobalSection
EndGlobal
