
Microsoft Visual Studio Solution File, Format Version 12.00
# Visual Studio Version 16
VisualStudioVersion = 16.0.29020.237
MinimumVisualStudioVersion = 10.0.40219.1
Project("{FAE04EC0-301F-11D3-BF4B-00C04F79EFBC}") = "MyFirstWinForms", "MyFirstWinForms.csproj", "{D47BA21F-1D5F-4359-BF2B-961066CA280E}"
EndProject
Global
	GlobalSection(SolutionConfigurationPlatforms) = preSolution
		Debug|Any CPU = Debug|Any CPU
		Release|Any CPU = Release|Any CPU
	EndGlobalSection
	GlobalSection(ProjectConfigurationPlatforms) = postSolution
		{D47BA21F-1D5F-4359-BF2B-961066CA280E}.Debug|Any CPU.ActiveCfg = Debug|Any CPU
		{D47BA21F-1D5F-4359-BF2B-961066CA280E}.Debug|Any CPU.Build.0 = Debug|Any CPU
		{D47BA21F-1D5F-4359-BF2B-961066CA280E}.Release|Any CPU.ActiveCfg = Release|Any CPU
		{D47BA21F-1D5F-4359-BF2B-961066CA280E}.Release|Any CPU.Build.0 = Release|Any CPU
	EndGlobalSection
	GlobalSection(SolutionProperties) = preSolution
		HideSolutionNode = FALSE
	EndGlobalSection
	GlobalSection(ExtensibilityGlobals) = postSolution
		SolutionGuid = {79EE8544-756D-4F09-9F96-0497129EF7E2}
	EndGlobalSection
EndGlobal
