
Microsoft Visual Studio Solution File, Format Version 12.00
# Visual Studio Version 16
VisualStudioVersion = 16.0.29020.237
MinimumVisualStudioVersion = 10.0.40219.1
Project("{FAE04EC0-301F-11D3-BF4B-00C04F79EFBC}") = "Listar_meus_carros", "Listar_meus_carros.csproj", "{C6ACD353-E39D-4775-8D5E-E335E153F3A0}"
EndProject
Global
	GlobalSection(SolutionConfigurationPlatforms) = preSolution
		Debug|Any CPU = Debug|Any CPU
		Release|Any CPU = Release|Any CPU
	EndGlobalSection
	GlobalSection(ProjectConfigurationPlatforms) = postSolution
		{C6ACD353-E39D-4775-8D5E-E335E153F3A0}.Debug|Any CPU.ActiveCfg = Debug|Any CPU
		{C6ACD353-E39D-4775-8D5E-E335E153F3A0}.Debug|Any CPU.Build.0 = Debug|Any CPU
		{C6ACD353-E39D-4775-8D5E-E335E153F3A0}.Release|Any CPU.ActiveCfg = Release|Any CPU
		{C6ACD353-E39D-4775-8D5E-E335E153F3A0}.Release|Any CPU.Build.0 = Release|Any CPU
	EndGlobalSection
	GlobalSection(SolutionProperties) = preSolution
		HideSolutionNode = FALSE
	EndGlobalSection
	GlobalSection(ExtensibilityGlobals) = postSolution
		SolutionGuid = {F2F54C80-1AFD-46E8-B8DC-E979A3098F69}
	EndGlobalSection
EndGlobal
