
Microsoft Visual Studio Solution File, Format Version 12.00
# Visual Studio Version 16
VisualStudioVersion = 16.0.29020.237
MinimumVisualStudioVersion = 10.0.40219.1
Project("{FAE04EC0-301F-11D3-BF4B-00C04F79EFBC}") = "CriaçãoDeLista", "CriaçãoDeLista.csproj", "{9F906055-0037-4D05-AC02-D997C1A30EB5}"
EndProject
Global
	GlobalSection(SolutionConfigurationPlatforms) = preSolution
		Debug|Any CPU = Debug|Any CPU
		Release|Any CPU = Release|Any CPU
	EndGlobalSection
	GlobalSection(ProjectConfigurationPlatforms) = postSolution
		{9F906055-0037-4D05-AC02-D997C1A30EB5}.Debug|Any CPU.ActiveCfg = Debug|Any CPU
		{9F906055-0037-4D05-AC02-D997C1A30EB5}.Debug|Any CPU.Build.0 = Debug|Any CPU
		{9F906055-0037-4D05-AC02-D997C1A30EB5}.Release|Any CPU.ActiveCfg = Release|Any CPU
		{9F906055-0037-4D05-AC02-D997C1A30EB5}.Release|Any CPU.Build.0 = Release|Any CPU
	EndGlobalSection
	GlobalSection(SolutionProperties) = preSolution
		HideSolutionNode = FALSE
	EndGlobalSection
	GlobalSection(ExtensibilityGlobals) = postSolution
		SolutionGuid = {F238168B-724E-4A08-BBEB-67BF9244AB54}
	EndGlobalSection
EndGlobal
