
Microsoft Visual Studio Solution File, Format Version 12.00
# Visual Studio Version 16
VisualStudioVersion = 16.0.29020.237
MinimumVisualStudioVersion = 10.0.40219.1
Project("{FAE04EC0-301F-11D3-BF4B-00C04F79EFBC}") = "BeepTeste", "BeepTeste.csproj", "{510197C2-7051-4E01-96C0-2BDB6826996D}"
EndProject
Global
	GlobalSection(SolutionConfigurationPlatforms) = preSolution
		Debug|Any CPU = Debug|Any CPU
		Release|Any CPU = Release|Any CPU
	EndGlobalSection
	GlobalSection(ProjectConfigurationPlatforms) = postSolution
		{510197C2-7051-4E01-96C0-2BDB6826996D}.Debug|Any CPU.ActiveCfg = Debug|Any CPU
		{510197C2-7051-4E01-96C0-2BDB6826996D}.Debug|Any CPU.Build.0 = Debug|Any CPU
		{510197C2-7051-4E01-96C0-2BDB6826996D}.Release|Any CPU.ActiveCfg = Release|Any CPU
		{510197C2-7051-4E01-96C0-2BDB6826996D}.Release|Any CPU.Build.0 = Release|Any CPU
	EndGlobalSection
	GlobalSection(SolutionProperties) = preSolution
		HideSolutionNode = FALSE
	EndGlobalSection
	GlobalSection(ExtensibilityGlobals) = postSolution
		SolutionGuid = {FD0DDC1B-659D-43FC-9FFE-E1D734911743}
	EndGlobalSection
EndGlobal
