
Microsoft Visual Studio Solution File, Format Version 12.00
# Visual Studio Version 16
VisualStudioVersion = 16.0.29020.237
MinimumVisualStudioVersion = 10.0.40219.1
Project("{FAE04EC0-301F-11D3-BF4B-00C04F79EFBC}") = "Estacionamento", "Estacionamento.csproj", "{31CC938A-A0AA-4F5A-A424-5A43D820EBF5}"
EndProject
Global
	GlobalSection(SolutionConfigurationPlatforms) = preSolution
		Debug|Any CPU = Debug|Any CPU
		Release|Any CPU = Release|Any CPU
	EndGlobalSection
	GlobalSection(ProjectConfigurationPlatforms) = postSolution
		{31CC938A-A0AA-4F5A-A424-5A43D820EBF5}.Debug|Any CPU.ActiveCfg = Debug|Any CPU
		{31CC938A-A0AA-4F5A-A424-5A43D820EBF5}.Debug|Any CPU.Build.0 = Debug|Any CPU
		{31CC938A-A0AA-4F5A-A424-5A43D820EBF5}.Release|Any CPU.ActiveCfg = Release|Any CPU
		{31CC938A-A0AA-4F5A-A424-5A43D820EBF5}.Release|Any CPU.Build.0 = Release|Any CPU
	EndGlobalSection
	GlobalSection(SolutionProperties) = preSolution
		HideSolutionNode = FALSE
	EndGlobalSection
	GlobalSection(ExtensibilityGlobals) = postSolution
		SolutionGuid = {41F7CC54-4E73-4E18-BDB6-7BFB63A423BF}
	EndGlobalSection
EndGlobal
