
Microsoft Visual Studio Solution File, Format Version 12.00
# Visual Studio Version 16
VisualStudioVersion = 16.0.29020.237
MinimumVisualStudioVersion = 10.0.40219.1
Project("{FAE04EC0-301F-11D3-BF4B-00C04F79EFBC}") = "Bancoo_cSharp", "Bancoo_cSharp.csproj", "{792EF251-1673-4D39-AF89-56FE5802817E}"
EndProject
Global
	GlobalSection(SolutionConfigurationPlatforms) = preSolution
		Debug|Any CPU = Debug|Any CPU
		Release|Any CPU = Release|Any CPU
	EndGlobalSection
	GlobalSection(ProjectConfigurationPlatforms) = postSolution
		{792EF251-1673-4D39-AF89-56FE5802817E}.Debug|Any CPU.ActiveCfg = Debug|Any CPU
		{792EF251-1673-4D39-AF89-56FE5802817E}.Debug|Any CPU.Build.0 = Debug|Any CPU
		{792EF251-1673-4D39-AF89-56FE5802817E}.Release|Any CPU.ActiveCfg = Release|Any CPU
		{792EF251-1673-4D39-AF89-56FE5802817E}.Release|Any CPU.Build.0 = Release|Any CPU
	EndGlobalSection
	GlobalSection(SolutionProperties) = preSolution
		HideSolutionNode = FALSE
	EndGlobalSection
	GlobalSection(ExtensibilityGlobals) = postSolution
		SolutionGuid = {BFCB20FA-6B44-4873-B6C0-A5187B308C72}
	EndGlobalSection
EndGlobal
